// !$*UTF8*$!
{
	archiveVersion = 1;
	classes = {
	};
	objectVersion = 56;
	objects = {

/* Begin PBXBuildFile section */
		D18E59DF2ECF2A8D002514C6 /* AppDelegate.swift in Sources */ = {isa = PBXBuildFile; fileRef = D18E59DE2ECF2A8D002514C6 /* AppDelegate.swift */; };
		D18E59E12ECF2A8D002514C6 /* SceneDelegate.swift in Sources */ = {isa = PBXBuildFile; fileRef = D18E59E02ECF2A8D002514C6 /* SceneDelegate.swift */; };
		D18E59E62ECF2A8D002514C6 /* Main.storyboard in Resources */ = {isa = PBXBuildFile; fileRef = D18E59E42ECF2A8D002514C6 /* Main.storyboard */; };
		D18E59E82ECF2A90002514C6 /* Assets.xcassets in Resources */ = {isa = PBXBuildFile; fileRef = D18E59E72ECF2A90002514C6 /* Assets.xcassets */; };
		D18E59EB2ECF2A90002514C6 /* LaunchScreen.storyboard in Resources */ = {isa = PBXBuildFile; fileRef = D18E59E92ECF2A90002514C6 /* LaunchScreen.storyboard */; };
		D18E59F62ECF2A90002514C6 /* weather_app_assessmentTests.swift in Sources */ = {isa = PBXBuildFile; fileRef = D18E59F52ECF2A90002514C6 /* weather_app_assessmentTests.swift */; };
		D18E5A002ECF2A90002514C6 /* weather_app_assessmentUITests.swift in Sources */ = {isa = PBXBuildFile; fileRef = D18E59FF2ECF2A90002514C6 /* weather_app_assessmentUITests.swift */; };
		D18E5A022ECF2A90002514C6 /* weather_app_assessmentUITestsLaunchTests.swift in Sources */ = {isa = PBXBuildFile; fileRef = D18E5A012ECF2A90002514C6 /* weather_app_assessmentUITestsLaunchTests.swift */; };
		D18E5A172ECF2BE0002514C6 /* WeatherResponse.swift in Sources */ = {isa = PBXBuildFile; fileRef = D18E5A162ECF2BE0002514C6 /* WeatherResponse.swift */; };
		D18E5A192ECF2BF6002514C6 /* WeatherService.swift in Sources */ = {isa = PBXBuildFile; fileRef = D18E5A182ECF2BF6002514C6 /* WeatherService.swift */; };
		D18E5A1B2ECF2C03002514C6 /* HomeViewModel.swift in Sources */ = {isa = PBXBuildFile; fileRef = D18E5A1A2ECF2C03002514C6 /* HomeViewModel.swift */; };
		D18E5A1D2ECF2C12002514C6 /* DetailViewModel.swift in Sources */ = {isa = PBXBuildFile; fileRef = D18E5A1C2ECF2C12002514C6 /* DetailViewModel.swift */; };
		D18E5A232ECF2C40002514C6 /* CityStorage.swift in Sources */ = {isa = PBXBuildFile; fileRef = D18E5A222ECF2C40002514C6 /* CityStorage.swift */; };
		D18E5A252ECF6D6B002514C6 /* HomeViewController.swift in Sources */ = {isa = PBXBuildFile; fileRef = D18E5A242ECF6D6B002514C6 /* HomeViewController.swift */; };
		D18E5A272ECF6DE4002514C6 /* DetailViewController.swift in Sources */ = {isa = PBXBuildFile; fileRef = D18E5A262ECF6DE4002514C6 /* DetailViewController.swift */; };
/* End PBXBuildFile section */

/* Begin PBXContainerItemProxy section */
		D18E59F22ECF2A90002514C6 /* PBXContainerItemProxy */ = {
			isa = PBXContainerItemProxy;
			containerPortal = D18E59D32ECF2A8D002514C6 /* Project object */;
			proxyType = 1;
			remoteGlobalIDString = D18E59DA2ECF2A8D002514C6;
			remoteInfo = weather_app_assessment;
		};
		D18E59FC2ECF2A90002514C6 /* PBXContainerItemProxy */ = {
			isa = PBXContainerItemProxy;
			containerPortal = D18E59D32ECF2A8D002514C6 /* Project object */;
			proxyType = 1;
			remoteGlobalIDString = D18E59DA2ECF2A8D002514C6;
			remoteInfo = weather_app_assessment;
		};
/* End PBXContainerItemProxy section */

/* Begin PBXFileReference section */
		D18E59DB2ECF2A8D002514C6 /* weather_app_assessment.app */ = {isa = PBXFileReference; explicitFileType = wrapper.application; includeInIndex = 0; path = weather_app_assessment.app; sourceTree = BUILT_PRODUCTS_DIR; };
		D18E59DE2ECF2A8D002514C6 /* AppDelegate.swift */ = {isa = PBXFileReference; lastKnownFileType = sourcecode.swift; path = AppDelegate.swift; sourceTree = "<group>"; };
		D18E59E02ECF2A8D002514C6 /* SceneDelegate.swift */ = {isa = PBXFileReference; lastKnownFileType = sourcecode.swift; path = SceneDelegate.swift; sourceTree = "<group>"; };
		D18E59E52ECF2A8D002514C6 /* Base */ = {isa = PBXFileReference; lastKnownFileType = file.storyboard; name = Base; path = Base.lproj/Main.storyboard; sourceTree = "<group>"; };
		D18E59E72ECF2A90002514C6 /* Assets.xcassets */ = {isa = PBXFileReference; lastKnownFileType = folder.assetcatalog; path = Assets.xcassets; sourceTree = "<group>"; };
		D18E59EA2ECF2A90002514C6 /* Base */ = {isa = PBXFileReference; lastKnownFileType = file.storyboard; name = Base; path = Base.lproj/LaunchScreen.storyboard; sourceTree = "<group>"; };
		D18E59EC2ECF2A90002514C6 /* Info.plist */ = {isa = PBXFileReference; lastKnownFileType = text.plist.xml; path = Info.plist; sourceTree = "<group>"; };
		D18E59F12ECF2A90002514C6 /* weather_app_assessmentTests.xctest */ = {isa = PBXFileReference; explicitFileType = wrapper.cfbundle; includeInIndex = 0; path = weather_app_assessmentTests.xctest; sourceTree = BUILT_PRODUCTS_DIR; };
		D18E59F52ECF2A90002514C6 /* weather_app_assessmentTests.swift */ = {isa = PBXFileReference; lastKnownFileType = sourcecode.swift; path = weather_app_assessmentTests.swift; sourceTree = "<group>"; };
		D18E59FB2ECF2A90002514C6 /* weather_app_assessmentUITests.xctest */ = {isa = PBXFileReference; explicitFileType = wrapper.cfbundle; includeInIndex = 0; path = weather_app_assessmentUITests.xctest; sourceTree = BUILT_PRODUCTS_DIR; };
		D18E59FF2ECF2A90002514C6 /* weather_app_assessmentUITests.swift */ = {isa = PBXFileReference; lastKnownFileType = sourcecode.swift; path = weather_app_assessmentUITests.swift; sourceTree = "<group>"; };
		D18E5A012ECF2A90002514C6 /* weather_app_assessmentUITestsLaunchTests.swift */ = {isa = PBXFileReference; lastKnownFileType = sourcecode.swift; path = weather_app_assessmentUITestsLaunchTests.swift; sourceTree = "<group>"; };
		D18E5A162ECF2BE0002514C6 /* WeatherResponse.swift */ = {isa = PBXFileReference; lastKnownFileType = sourcecode.swift; path = WeatherResponse.swift; sourceTree = "<group>"; };
		D18E5A182ECF2BF6002514C6 /* WeatherService.swift */ = {isa = PBXFileReference; lastKnownFileType = sourcecode.swift; path = WeatherService.swift; sourceTree = "<group>"; };
		D18E5A1A2ECF2C03002514C6 /* HomeViewModel.swift */ = {isa = PBXFileReference; lastKnownFileType = sourcecode.swift; path = HomeViewModel.swift; sourceTree = "<group>"; };
		D18E5A1C2ECF2C12002514C6 /* DetailViewModel.swift */ = {isa = PBXFileReference; lastKnownFileType = sourcecode.swift; path = DetailViewModel.swift; sourceTree = "<group>"; };
		D18E5A222ECF2C40002514C6 /* CityStorage.swift */ = {isa = PBXFileReference; lastKnownFileType = sourcecode.swift; path = CityStorage.swift; sourceTree = "<group>"; };
		D18E5A242ECF6D6B002514C6 /* HomeViewController.swift */ = {isa = PBXFileReference; lastKnownFileType = sourcecode.swift; name = HomeViewController.swift; path = weather_app_assessment/Resources/HomeViewController.swift; sourceTree = SOURCE_ROOT; };
		D18E5A262ECF6DE4002514C6 /* DetailViewController.swift */ = {isa = PBXFileReference; lastKnownFileType = sourcecode.swift; path = DetailViewController.swift; sourceTree = "<group>"; };
		D1B1C16D2ED4334A0024DE4B /* EnvConfig.xcconfig */ = {isa = PBXFileReference; lastKnownFileType = text.xcconfig; path = EnvConfig.xcconfig; sourceTree = "<group>"; };
/* End PBXFileReference section */

/* Begin PBXFrameworksBuildPhase section */
		D18E59D82ECF2A8D002514C6 /* Frameworks */ = {
			isa = PBXFrameworksBuildPhase;
			buildActionMask = 2147483647;
			files = (
			);
			runOnlyForDeploymentPostprocessing = 0;
		};
		D18E59EE2ECF2A90002514C6 /* Frameworks */ = {
			isa = PBXFrameworksBuildPhase;
			buildActionMask = 2147483647;
			files = (
			);
			runOnlyForDeploymentPostprocessing = 0;
		};
		D18E59F82ECF2A90002514C6 /* Frameworks */ = {
			isa = PBXFrameworksBuildPhase;
			buildActionMask = 2147483647;
			files = (
			);
			runOnlyForDeploymentPostprocessing = 0;
		};
/* End PBXFrameworksBuildPhase section */

/* Begin PBXGroup section */
		D18E59D22ECF2A8D002514C6 = {
			isa = PBXGroup;
			children = (
				D18E59DD2ECF2A8D002514C6 /* weather_app_assessment */,
				D18E59F42ECF2A90002514C6 /* weather_app_assessmentTests */,
				D18E59FE2ECF2A90002514C6 /* weather_app_assessmentUITests */,
				D18E59DC2ECF2A8D002514C6 /* Products */,
			);
			sourceTree = "<group>";
		};
		D18E59DC2ECF2A8D002514C6 /* Products */ = {
			isa = PBXGroup;
			children = (
				D18E59DB2ECF2A8D002514C6 /* weather_app_assessment.app */,
				D18E59F12ECF2A90002514C6 /* weather_app_assessmentTests.xctest */,
				D18E59FB2ECF2A90002514C6 /* weather_app_assessmentUITests.xctest */,
			);
			name = Products;
			sourceTree = "<group>";
		};
		D18E59DD2ECF2A8D002514C6 /* weather_app_assessment */ = {
			isa = PBXGroup;
			children = (
				D1B1C16C2ED433030024DE4B /* Config */,
				D18E5A142ECF2B78002514C6 /* Storage */,
				D18E5A132ECF2B6A002514C6 /* Views */,
				D18E5A122ECF2B60002514C6 /* ViewModels */,
				D18E5A112ECF2B58002514C6 /* Services */,
				D18E5A102ECF2B51002514C6 /* Models */,
				D18E5A0E2ECF2B1C002514C6 /* Resources */,
				D18E59DE2ECF2A8D002514C6 /* AppDelegate.swift */,
				D18E59E02ECF2A8D002514C6 /* SceneDelegate.swift */,
				D18E59EC2ECF2A90002514C6 /* Info.plist */,
			);
			path = weather_app_assessment;
			sourceTree = "<group>";
		};
		D18E59F42ECF2A90002514C6 /* weather_app_assessmentTests */ = {
			isa = PBXGroup;
			children = (
				D18E59F52ECF2A90002514C6 /* weather_app_assessmentTests.swift */,
			);
			path = weather_app_assessmentTests;
			sourceTree = "<group>";
		};
		D18E59FE2ECF2A90002514C6 /* weather_app_assessmentUITests */ = {
			isa = PBXGroup;
			children = (
				D18E59FF2ECF2A90002514C6 /* weather_app_assessmentUITests.swift */,
				D18E5A012ECF2A90002514C6 /* weather_app_assessmentUITestsLaunchTests.swift */,
			);
			path = weather_app_assessmentUITests;
			sourceTree = "<group>";
		};
		D18E5A0E2ECF2B1C002514C6 /* Resources */ = {
			isa = PBXGroup;
			children = (
				D18E59E42ECF2A8D002514C6 /* Main.storyboard */,
				D18E59E72ECF2A90002514C6 /* Assets.xcassets */,
				D18E59E92ECF2A90002514C6 /* LaunchScreen.storyboard */,
			);
			path = Resources;
			sourceTree = "<group>";
		};
		D18E5A102ECF2B51002514C6 /* Models */ = {
			isa = PBXGroup;
			children = (
				D18E5A162ECF2BE0002514C6 /* WeatherResponse.swift */,
			);
			path = Models;
			sourceTree = "<group>";
		};
		D18E5A112ECF2B58002514C6 /* Services */ = {
			isa = PBXGroup;
			children = (
				D18E5A182ECF2BF6002514C6 /* WeatherService.swift */,
			);
			path = Services;
			sourceTree = "<group>";
		};
		D18E5A122ECF2B60002514C6 /* ViewModels */ = {
			isa = PBXGroup;
			children = (
				D18E5A1A2ECF2C03002514C6 /* HomeViewModel.swift */,
				D18E5A1C2ECF2C12002514C6 /* DetailViewModel.swift */,
			);
			path = ViewModels;
			sourceTree = "<group>";
		};
		D18E5A132ECF2B6A002514C6 /* Views */ = {
			isa = PBXGroup;
			children = (
				D18E5A242ECF6D6B002514C6 /* HomeViewController.swift */,
				D18E5A262ECF6DE4002514C6 /* DetailViewController.swift */,
			);
			path = Views;
			sourceTree = "<group>";
		};
		D18E5A142ECF2B78002514C6 /* Storage */ = {
			isa = PBXGroup;
			children = (
				D18E5A222ECF2C40002514C6 /* CityStorage.swift */,
			);
			path = Storage;
			sourceTree = "<group>";
		};
		D1B1C16C2ED433030024DE4B /* Config */ = {
			isa = PBXGroup;
			children = (
				D1B1C16D2ED4334A0024DE4B /* EnvConfig.xcconfig */,
			);
			path = Config;
			sourceTree = "<group>";
		};
/* End PBXGroup section */

/* Begin PBXNativeTarget section */
		D18E59DA2ECF2A8D002514C6 /* weather_app_assessment */ = {
			isa = PBXNativeTarget;
			buildConfigurationList = D18E5A052ECF2A90002514C6 /* Build configuration list for PBXNativeTarget "weather_app_assessment" */;
			buildPhases = (
				D18E59D72ECF2A8D002514C6 /* Sources */,
				D18E59D82ECF2A8D002514C6 /* Frameworks */,
				D18E59D92ECF2A8D002514C6 /* Resources */,
			);
			buildRules = (
			);
			dependencies = (
			);
			name = weather_app_assessment;
			productName = weather_app_assessment;
			productReference = D18E59DB2ECF2A8D002514C6 /* weather_app_assessment.app */;
			productType = "com.apple.product-type.application";
		};
		D18E59F02ECF2A90002514C6 /* weather_app_assessmentTests */ = {
			isa = PBXNativeTarget;
			buildConfigurationList = D18E5A082ECF2A90002514C6 /* Build configuration list for PBXNativeTarget "weather_app_assessmentTests" */;
			buildPhases = (
				D18E59ED2ECF2A90002514C6 /* Sources */,
				D18E59EE2ECF2A90002514C6 /* Frameworks */,
				D18E59EF2ECF2A90002514C6 /* Resources */,
			);
			buildRules = (
			);
			dependencies = (
				D18E59F32ECF2A90002514C6 /* PBXTargetDependency */,
			);
			name = weather_app_assessmentTests;
			productName = weather_app_assessmentTests;
			productReference = D18E59F12ECF2A90002514C6 /* weather_app_assessmentTests.xctest */;
			productType = "com.apple.product-type.bundle.unit-test";
		};
		D18E59FA2ECF2A90002514C6 /* weather_app_assessmentUITests */ = {
			isa = PBXNativeTarget;
			buildConfigurationList = D18E5A0B2ECF2A90002514C6 /* Build configuration list for PBXNativeTarget "weather_app_assessmentUITests" */;
			buildPhases = (
				D18E59F72ECF2A90002514C6 /* Sources */,
				D18E59F82ECF2A90002514C6 /* Frameworks */,
				D18E59F92ECF2A90002514C6 /* Resources */,
			);
			buildRules = (
			);
			dependencies = (
				D18E59FD2ECF2A90002514C6 /* PBXTargetDependency */,
			);
			name = weather_app_assessmentUITests;
			productName = weather_app_assessmentUITests;
			productReference = D18E59FB2ECF2A90002514C6 /* weather_app_assessmentUITests.xctest */;
			productType = "com.apple.product-type.bundle.ui-testing";
		};
/* End PBXNativeTarget section */

/* Begin PBXProject section */
		D18E59D32ECF2A8D002514C6 /* Project object */ = {
			isa = PBXProject;
			attributes = {
				BuildIndependentTargetsInParallel = 1;
				LastSwiftUpdateCheck = 1520;
				LastUpgradeCheck = 1520;
				TargetAttributes = {
					D18E59DA2ECF2A8D002514C6 = {
						CreatedOnToolsVersion = 15.2;
					};
					D18E59F02ECF2A90002514C6 = {
						CreatedOnToolsVersion = 15.2;
						TestTargetID = D18E59DA2ECF2A8D002514C6;
					};
					D18E59FA2ECF2A90002514C6 = {
						CreatedOnToolsVersion = 15.2;
						TestTargetID = D18E59DA2ECF2A8D002514C6;
					};
				};
			};
			buildConfigurationList = D18E59D62ECF2A8D002514C6 /* Build configuration list for PBXProject "weather_app_assessment" */;
			compatibilityVersion = "Xcode 14.0";
			developmentRegion = en;
			hasScannedForEncodings = 0;
			knownRegions = (
				en,
				Base,
			);
			mainGroup = D18E59D22ECF2A8D002514C6;
			productRefGroup = D18E59DC2ECF2A8D002514C6 /* Products */;
			projectDirPath = "";
			projectRoot = "";
			targets = (
				D18E59DA2ECF2A8D002514C6 /* weather_app_assessment */,
				D18E59F02ECF2A90002514C6 /* weather_app_assessmentTests */,
				D18E59FA2ECF2A90002514C6 /* weather_app_assessmentUITests */,
			);
		};
/* End PBXProject section */

/* Begin PBXResourcesBuildPhase section */
		D18E59D92ECF2A8D002514C6 /* Resources */ = {
			isa = PBXResourcesBuildPhase;
			buildActionMask = 2147483647;
			files = (
				D18E59EB2ECF2A90002514C6 /* LaunchScreen.storyboard in Resources */,
				D18E59E82ECF2A90002514C6 /* Assets.xcassets in Resources */,
				D18E59E62ECF2A8D002514C6 /* Main.storyboard in Resources */,
			);
			runOnlyForDeploymentPostprocessing = 0;
		};
		D18E59EF2ECF2A90002514C6 /* Resources */ = {
			isa = PBXResourcesBuildPhase;
			buildActionMask = 2147483647;
			files = (
			);
			runOnlyForDeploymentPostprocessing = 0;
		};
		D18E59F92ECF2A90002514C6 /* Resources */ = {
			isa = PBXResourcesBuildPhase;
			buildActionMask = 2147483647;
			files = (
			);
			runOnlyForDeploymentPostprocessing = 0;
		};
/* End PBXResourcesBuildPhase section */

/* Begin PBXSourcesBuildPhase section */
		D18E59D72ECF2A8D002514C6 /* Sources */ = {
			isa = PBXSourcesBuildPhase;
			buildActionMask = 2147483647;
			files = (
				D18E5A192ECF2BF6002514C6 /* WeatherService.swift in Sources */,
				D18E5A1B2ECF2C03002514C6 /* HomeViewModel.swift in Sources */,
				D18E5A1D2ECF2C12002514C6 /* DetailViewModel.swift in Sources */,
				D18E59DF2ECF2A8D002514C6 /* AppDelegate.swift in Sources */,
				D18E5A252ECF6D6B002514C6 /* HomeViewController.swift in Sources */,
				D18E59E12ECF2A8D002514C6 /* SceneDelegate.swift in Sources */,
				D18E5A272ECF6DE4002514C6 /* DetailViewController.swift in Sources */,
				D18E5A232ECF2C40002514C6 /* CityStorage.swift in Sources */,
				D18E5A172ECF2BE0002514C6 /* WeatherResponse.swift in Sources */,
			);
			runOnlyForDeploymentPostprocessing = 0;
		};
		D18E59ED2ECF2A90002514C6 /* Sources */ = {
			isa = PBXSourcesBuildPhase;
			buildActionMask = 2147483647;
			files = (
				D18E59F62ECF2A90002514C6 /* weather_app_assessmentTests.swift in Sources */,
			);
			runOnlyForDeploymentPostprocessing = 0;
		};
		D18E59F72ECF2A90002514C6 /* Sources */ = {
			isa = PBXSourcesBuildPhase;
			buildActionMask = 2147483647;
			files = (
				D18E5A002ECF2A90002514C6 /* weather_app_assessmentUITests.swift in Sources */,
				D18E5A022ECF2A90002514C6 /* weather_app_assessmentUITestsLaunchTests.swift in Sources */,
			);
			runOnlyForDeploymentPostprocessing = 0;
		};
/* End PBXSourcesBuildPhase section */

/* Begin PBXTargetDependency section */
		D18E59F32ECF2A90002514C6 /* PBXTargetDependency */ = {
			isa = PBXTargetDependency;
			target = D18E59DA2ECF2A8D002514C6 /* weather_app_assessment */;
			targetProxy = D18E59F22ECF2A90002514C6 /* PBXContainerItemProxy */;
		};
		D18E59FD2ECF2A90002514C6 /* PBXTargetDependency */ = {
			isa = PBXTargetDependency;
			target = D18E59DA2ECF2A8D002514C6 /* weather_app_assessment */;
			targetProxy = D18E59FC2ECF2A90002514C6 /* PBXContainerItemProxy */;
		};
/* End PBXTargetDependency section */

/* Begin PBXVariantGroup section */
		D18E59E42ECF2A8D002514C6 /* Main.storyboard */ = {
			isa = PBXVariantGroup;
			children = (
				D18E59E52ECF2A8D002514C6 /* Base */,
			);
			name = Main.storyboard;
			sourceTree = "<group>";
		};
		D18E59E92ECF2A90002514C6 /* LaunchScreen.storyboard */ = {
			isa = PBXVariantGroup;
			children = (
				D18E59EA2ECF2A90002514C6 /* Base */,
			);
			name = LaunchScreen.storyboard;
			sourceTree = "<group>";
		};
/* End PBXVariantGroup section */

/* Begin XCBuildConfiguration section */
		D18E5A032ECF2A90002514C6 /* Debug */ = {
			isa = XCBuildConfiguration;
			baseConfigurationReference = D1B1C16D2ED4334A0024DE4B /* EnvConfig.xcconfig */;
			buildSettings = {
				ALWAYS_SEARCH_USER_PATHS = NO;
				ASSETCATALOG_COMPILER_GENERATE_SWIFT_ASSET_SYMBOL_EXTENSIONS = YES;
				CLANG_ANALYZER_NONNULL = YES;
				CLANG_ANALYZER_NUMBER_OBJECT_CONVERSION = YES_AGGRESSIVE;
				CLANG_CXX_LANGUAGE_STANDARD = "gnu++20";
				CLANG_ENABLE_MODULES = YES;
				CLANG_ENABLE_OBJC_ARC = YES;
				CLANG_ENABLE_OBJC_WEAK = YES;
				CLANG_WARN_BLOCK_CAPTURE_AUTORELEASING = YES;
				CLANG_WARN_BOOL_CONVERSION = YES;
				CLANG_WARN_COMMA = YES;
				CLANG_WARN_CONSTANT_CONVERSION = YES;
				CLANG_WARN_DEPRECATED_OBJC_IMPLEMENTATIONS = YES;
				CLANG_WARN_DIRECT_OBJC_ISA_USAGE = YES_ERROR;
				CLANG_WARN_DOCUMENTATION_COMMENTS = YES;
				CLANG_WARN_EMPTY_BODY = YES;
				CLANG_WARN_ENUM_CONVERSION = YES;
				CLANG_WARN_INFINITE_RECURSION = YES;
				CLANG_WARN_INT_CONVERSION = YES;
				CLANG_WARN_NON_LITERAL_NULL_CONVERSION = YES;
				CLANG_WARN_OBJC_IMPLICIT_RETAIN_SELF = YES;
				CLANG_WARN_OBJC_LITERAL_CONVERSION = YES;
				CLANG_WARN_OBJC_ROOT_CLASS = YES_ERROR;
				CLANG_WARN_QUOTED_INCLUDE_IN_FRAMEWORK_HEADER = YES;
				CLANG_WARN_RANGE_LOOP_ANALYSIS = YES;
				CLANG_WARN_STRICT_PROTOTYPES = YES;
				CLANG_WARN_SUSPICIOUS_MOVE = YES;
				CLANG_WARN_UNGUARDED_AVAILABILITY = YES_AGGRESSIVE;
				CLANG_WARN_UNREACHABLE_CODE = YES;
				CLANG_WARN__DUPLICATE_METHOD_MATCH = YES;
				COPY_PHASE_STRIP = NO;
				DEBUG_INFORMATION_FORMAT = dwarf;
				ENABLE_STRICT_OBJC_MSGSEND = YES;
				ENABLE_TESTABILITY = YES;
				ENABLE_USER_SCRIPT_SANDBOXING = YES;
				GCC_C_LANGUAGE_STANDARD = gnu17;
				GCC_DYNAMIC_NO_PIC = NO;
				GCC_NO_COMMON_BLOCKS = YES;
				GCC_OPTIMIZATION_LEVEL = 0;
				GCC_PREPROCESSOR_DEFINITIONS = (
					"DEBUG=1",
					"$(inherited)",
				);
				GCC_WARN_64_TO_32_BIT_CONVERSION = YES;
				GCC_WARN_ABOUT_RETURN_TYPE = YES_ERROR;
				GCC_WARN_UNDECLARED_SELECTOR = YES;
				GCC_WARN_UNINITIALIZED_AUTOS = YES_AGGRESSIVE;
				GCC_WARN_UNUSED_FUNCTION = YES;
				GCC_WARN_UNUSED_VARIABLE = YES;
				IPHONEOS_DEPLOYMENT_TARGET = 17.2;
				LOCALIZATION_PREFERS_STRING_CATALOGS = YES;
				MTL_ENABLE_DEBUG_INFO = INCLUDE_SOURCE;
				MTL_FAST_MATH = YES;
				ONLY_ACTIVE_ARCH = YES;
				SDKROOT = iphoneos;
				SWIFT_ACTIVE_COMPILATION_CONDITIONS = "DEBUG $(inherited)";
				SWIFT_OPTIMIZATION_LEVEL = "-Onone";
			};
			name = Debug;
		};
		D18E5A042ECF2A90002514C6 /* Release */ = {
			isa = XCBuildConfiguration;
			baseConfigurationReference = D1B1C16D2ED4334A0024DE4B /* EnvConfig.xcconfig */;
			buildSettings = {
				ALWAYS_SEARCH_USER_PATHS = NO;
				ASSETCATALOG_COMPILER_GENERATE_SWIFT_ASSET_SYMBOL_EXTENSIONS = YES;
				CLANG_ANALYZER_NONNULL = YES;
				CLANG_ANALYZER_NUMBER_OBJECT_CONVERSION = YES_AGGRESSIVE;
				CLANG_CXX_LANGUAGE_STANDARD = "gnu++20";
				CLANG_ENABLE_MODULES = YES;
				CLANG_ENABLE_OBJC_ARC = YES;
				CLANG_ENABLE_OBJC_WEAK = YES;
				CLANG_WARN_BLOCK_CAPTURE_AUTORELEASING = YES;
				CLANG_WARN_BOOL_CONVERSION = YES;
				CLANG_WARN_COMMA = YES;
				CLANG_WARN_CONSTANT_CONVERSION = YES;
				CLANG_WARN_DEPRECATED_OBJC_IMPLEMENTATIONS = YES;
				CLANG_WARN_DIRECT_OBJC_ISA_USAGE = YES_ERROR;
				CLANG_WARN_DOCUMENTATION_COMMENTS = YES;
				CLANG_WARN_EMPTY_BODY = YES;
				CLANG_WARN_ENUM_CONVERSION = YES;
				CLANG_WARN_INFINITE_RECURSION = YES;
				CLANG_WARN_INT_CONVERSION = YES;
				CLANG_WARN_NON_LITERAL_NULL_CONVERSION = YES;
				CLANG_WARN_OBJC_IMPLICIT_RETAIN_SELF = YES;
				CLANG_WARN_OBJC_LITERAL_CONVERSION = YES;
				CLANG_WARN_OBJC_ROOT_CLASS = YES_ERROR;
				CLANG_WARN_QUOTED_INCLUDE_IN_FRAMEWORK_HEADER = YES;
				CLANG_WARN_RANGE_LOOP_ANALYSIS = YES;
				CLANG_WARN_STRICT_PROTOTYPES = YES;
				CLANG_WARN_SUSPICIOUS_MOVE = YES;
				CLANG_WARN_UNGUARDED_AVAILABILITY = YES_AGGRESSIVE;
				CLANG_WARN_UNREACHABLE_CODE = YES;
				CLANG_WARN__DUPLICATE_METHOD_MATCH = YES;
				COPY_PHASE_STRIP = NO;
				DEBUG_INFORMATION_FORMAT = "dwarf-with-dsym";
				ENABLE_NS_ASSERTIONS = NO;
				ENABLE_STRICT_OBJC_MSGSEND = YES;
				ENABLE_USER_SCRIPT_SANDBOXING = YES;
				GCC_C_LANGUAGE_STANDARD = gnu17;
				GCC_NO_COMMON_BLOCKS = YES;
				GCC_WARN_64_TO_32_BIT_CONVERSION = YES;
				GCC_WARN_ABOUT_RETURN_TYPE = YES_ERROR;
				GCC_WARN_UNDECLARED_SELECTOR = YES;
				GCC_WARN_UNINITIALIZED_AUTOS = YES_AGGRESSIVE;
				GCC_WARN_UNUSED_FUNCTION = YES;
				GCC_WARN_UNUSED_VARIABLE = YES;
				IPHONEOS_DEPLOYMENT_TARGET = 17.2;
				LOCALIZATION_PREFERS_STRING_CATALOGS = YES;
				MTL_ENABLE_DEBUG_INFO = NO;
				MTL_FAST_MATH = YES;
				SDKROOT = iphoneos;
				SWIFT_COMPILATION_MODE = wholemodule;
				VALIDATE_PRODUCT = YES;
			};
			name = Release;
		};
		D18E5A062ECF2A90002514C6 /* Debug */ = {
			isa = XCBuildConfiguration;
			baseConfigurationReference = D1B1C16D2ED4334A0024DE4B /* EnvConfig.xcconfig */;
			buildSettings = {
				ASSETCATALOG_COMPILER_APPICON_NAME = AppIcon;
				ASSETCATALOG_COMPILER_GLOBAL_ACCENT_COLOR_NAME = AccentColor;
				CODE_SIGN_STYLE = Automatic;
				CURRENT_PROJECT_VERSION = 1;
				DEVELOPMENT_ASSET_PATHS = weather_app_assessment/Config/EnvConfig.xcconfig;
				DEVELOPMENT_TEAM = WUR7PA7888;
				GENERATE_INFOPLIST_FILE = YES;
				INFOPLIST_FILE = weather_app_assessment/Info.plist;
				INFOPLIST_KEY_CFBundleDisplayName = "Weather App";
				INFOPLIST_KEY_LSApplicationCategoryType = "public.app-category.weather";
				INFOPLIST_KEY_UIApplicationSupportsIndirectInputEvents = YES;
				INFOPLIST_KEY_UILaunchStoryboardName = LaunchScreen.storyboard;
				INFOPLIST_KEY_UIMainStoryboardFile = Main;
				INFOPLIST_KEY_UISupportedInterfaceOrientations_iPad = "UIInterfaceOrientationPortrait UIInterfaceOrientationPortraitUpsideDown UIInterfaceOrientationLandscapeLeft UIInterfaceOrientationLandscapeRight";
				INFOPLIST_KEY_UISupportedInterfaceOrientations_iPhone = "UIInterfaceOrientationPortrait UIInterfaceOrientationLandscapeLeft UIInterfaceOrientationLandscapeRight";
				LD_RUNPATH_SEARCH_PATHS = (
					"$(inherited)",
					"@executable_path/Frameworks",
				);
				MARKETING_VERSION = 1.0;
				PRODUCT_BUNDLE_IDENTIFIER = "com.thedevwriter.weather-app-assessment";
				PRODUCT_NAME = "$(TARGET_NAME)";
				SWIFT_EMIT_LOC_STRINGS = YES;
				SWIFT_VERSION = 5.0;
				TARGETED_DEVICE_FAMILY = "1,2";
			};
			name = Debug;
		};
		D18E5A072ECF2A90002514C6 /* Release */ = {
			isa = XCBuildConfiguration;
			baseConfigurationReference = D1B1C16D2ED4334A0024DE4B /* EnvConfig.xcconfig */;
			buildSettings = {
				ASSETCATALOG_COMPILER_APPICON_NAME = AppIcon;
				ASSETCATALOG_COMPILER_GLOBAL_ACCENT_COLOR_NAME = AccentColor;
				CODE_SIGN_STYLE = Automatic;
				CURRENT_PROJECT_VERSION = 1;
				DEVELOPMENT_ASSET_PATHS = weather_app_assessment/Config/EnvConfig.xcconfig;
				DEVELOPMENT_TEAM = WUR7PA7888;
				GENERATE_INFOPLIST_FILE = YES;
				INFOPLIST_FILE = weather_app_assessment/Info.plist;
				INFOPLIST_KEY_CFBundleDisplayName = "Weather App";
				INFOPLIST_KEY_LSApplicationCategoryType = "public.app-category.weather";
				INFOPLIST_KEY_UIApplicationSupportsIndirectInputEvents = YES;
				INFOPLIST_KEY_UILaunchStoryboardName = LaunchScreen.storyboard;
				INFOPLIST_KEY_UIMainStoryboardFile = Main;
				INFOPLIST_KEY_UISupportedInterfaceOrientations_iPad = "UIInterfaceOrientationPortrait UIInterfaceOrientationPortraitUpsideDown UIInterfaceOrientationLandscapeLeft UIInterfaceOrientationLandscapeRight";
				INFOPLIST_KEY_UISupportedInterfaceOrientations_iPhone = "UIInterfaceOrientationPortrait UIInterfaceOrientationLandscapeLeft UIInterfaceOrientationLandscapeRight";
				LD_RUNPATH_SEARCH_PATHS = (
					"$(inherited)",
					"@executable_path/Frameworks",
				);
				MARKETING_VERSION = 1.0;
				PRODUCT_BUNDLE_IDENTIFIER = "com.thedevwriter.weather-app-assessment";
				PRODUCT_NAME = "$(TARGET_NAME)";
				SWIFT_EMIT_LOC_STRINGS = YES;
				SWIFT_VERSION = 5.0;
				TARGETED_DEVICE_FAMILY = "1,2";
			};
			name = Release;
		};
		D18E5A092ECF2A90002514C6 /* Debug */ = {
			isa = XCBuildConfiguration;
			buildSettings = {
				ALWAYS_EMBED_SWIFT_STANDARD_LIBRARIES = YES;
				BUNDLE_LOADER = "$(TEST_HOST)";
				CODE_SIGN_STYLE = Automatic;
				CURRENT_PROJECT_VERSION = 1;
				DEVELOPMENT_TEAM = WUR7PA7888;
				GENERATE_INFOPLIST_FILE = YES;
				IPHONEOS_DEPLOYMENT_TARGET = 17.2;
				MARKETING_VERSION = 1.0;
				PRODUCT_BUNDLE_IDENTIFIER = "com.thedevwriter.weather-app-assessmentTests";
				PRODUCT_NAME = "$(TARGET_NAME)";
				SWIFT_EMIT_LOC_STRINGS = NO;
				SWIFT_VERSION = 5.0;
				TARGETED_DEVICE_FAMILY = "1,2";
				TEST_HOST = "$(BUILT_PRODUCTS_DIR)/weather_app_assessment.app/$(BUNDLE_EXECUTABLE_FOLDER_PATH)/weather_app_assessment";
			};
			name = Debug;
		};
		D18E5A0A2ECF2A90002514C6 /* Release */ = {
			isa = XCBuildConfiguration;
			buildSettings = {
				ALWAYS_EMBED_SWIFT_STANDARD_LIBRARIES = YES;
				BUNDLE_LOADER = "$(TEST_HOST)";
				CODE_SIGN_STYLE = Automatic;
				CURRENT_PROJECT_VERSION = 1;
				DEVELOPMENT_TEAM = WUR7PA7888;
				GENERATE_INFOPLIST_FILE = YES;
				IPHONEOS_DEPLOYMENT_TARGET = 17.2;
				MARKETING_VERSION = 1.0;
				PRODUCT_BUNDLE_IDENTIFIER = "com.thedevwriter.weather-app-assessmentTests";
				PRODUCT_NAME = "$(TARGET_NAME)";
				SWIFT_EMIT_LOC_STRINGS = NO;
				SWIFT_VERSION = 5.0;
				TARGETED_DEVICE_FAMILY = "1,2";
				TEST_HOST = "$(BUILT_PRODUCTS_DIR)/weather_app_assessment.app/$(BUNDLE_EXECUTABLE_FOLDER_PATH)/weather_app_assessment";
			};
			name = Release;
		};
		D18E5A0C2ECF2A90002514C6 /* Debug */ = {
			isa = XCBuildConfiguration;
			buildSettings = {
				ALWAYS_EMBED_SWIFT_STANDARD_LIBRARIES = YES;
				CODE_SIGN_STYLE = Automatic;
				CURRENT_PROJECT_VERSION = 1;
				DEVELOPMENT_TEAM = WUR7PA7888;
				GENERATE_INFOPLIST_FILE = YES;
				MARKETING_VERSION = 1.0;
				PRODUCT_BUNDLE_IDENTIFIER = "com.thedevwriter.weather-app-assessmentUITests";
				PRODUCT_NAME = "$(TARGET_NAME)";
				SWIFT_EMIT_LOC_STRINGS = NO;
				SWIFT_VERSION = 5.0;
				TARGETED_DEVICE_FAMILY = "1,2";
				TEST_TARGET_NAME = weather_app_assessment;
			};
			name = Debug;
		};
		D18E5A0D2ECF2A90002514C6 /* Release */ = {
			isa = XCBuildConfiguration;
			buildSettings = {
				ALWAYS_EMBED_SWIFT_STANDARD_LIBRARIES = YES;
				CODE_SIGN_STYLE = Automatic;
				CURRENT_PROJECT_VERSION = 1;
				DEVELOPMENT_TEAM = WUR7PA7888;
				GENERATE_INFOPLIST_FILE = YES;
				MARKETING_VERSION = 1.0;
				PRODUCT_BUNDLE_IDENTIFIER = "com.thedevwriter.weather-app-assessmentUITests";
				PRODUCT_NAME = "$(TARGET_NAME)";
				SWIFT_EMIT_LOC_STRINGS = NO;
				SWIFT_VERSION = 5.0;
				TARGETED_DEVICE_FAMILY = "1,2";
				TEST_TARGET_NAME = weather_app_assessment;
			};
			name = Release;
		};
/* End XCBuildConfiguration section */

/* Begin XCConfigurationList section */
		D18E59D62ECF2A8D002514C6 /* Build configuration list for PBXProject "weather_app_assessment" */ = {
			isa = XCConfigurationList;
			buildConfigurations = (
				D18E5A032ECF2A90002514C6 /* Debug */,
				D18E5A042ECF2A90002514C6 /* Release */,
			);
			defaultConfigurationIsVisible = 0;
			defaultConfigurationName = Release;
		};
		D18E5A052ECF2A90002514C6 /* Build configuration list for PBXNativeTarget "weather_app_assessment" */ = {
			isa = XCConfigurationList;
			buildConfigurations = (
				D18E5A062ECF2A90002514C6 /* Debug */,
				D18E5A072ECF2A90002514C6 /* Release */,
			);
			defaultConfigurationIsVisible = 0;
			defaultConfigurationName = Release;
		};
		D18E5A082ECF2A90002514C6 /* Build configuration list for PBXNativeTarget "weather_app_assessmentTests" */ = {
			isa = XCConfigurationList;
			buildConfigurations = (
				D18E5A092ECF2A90002514C6 /* Debug */,
				D18E5A0A2ECF2A90002514C6 /* Release */,
			);
			defaultConfigurationIsVisible = 0;
			defaultConfigurationName = Release;
		};
		D18E5A0B2ECF2A90002514C6 /* Build configuration list for PBXNativeTarget "weather_app_assessmentUITests" */ = {
			isa = XCConfigurationList;
			buildConfigurations = (
				D18E5A0C2ECF2A90002514C6 /* Debug */,
				D18E5A0D2ECF2A90002514C6 /* Release */,
			);
			defaultConfigurationIsVisible = 0;
			defaultConfigurationName = Release;
		};
/* End XCConfigurationList section */
	};
	rootObject = D18E59D32ECF2A8D002514C6 /* Project object */;
}
